
Microsoft Visual Studio Solution File, Format Version 12.00
# Visual Studio Version 17
VisualStudioVersion = 17.14.36212.18
MinimumVisualStudioVersion = 10.0.40219.1
Project("{FAE04EC0-301F-11D3-BF4B-00C04F79EFBC}") = "Array Localization Tool", "Array Localization Tool.csproj", "{FEA302D5-CA52-4FF6-80C4-840C4D2DFC7D}"
EndProject
Global
	GlobalSection(SolutionConfigurationPlatforms) = preSolution
		Debug|Any CPU = Debug|Any CPU
		Release|Any CPU = Release|Any CPU
	EndGlobalSection
	GlobalSection(ProjectConfigurationPlatforms) = postSolution
		{FEA302D5-CA52-4FF6-80C4-840C4D2DFC7D}.Debug|Any CPU.ActiveCfg = Debug|Any CPU
		{FEA302D5-CA52-4FF6-80C4-840C4D2DFC7D}.Debug|Any CPU.Build.0 = Debug|Any CPU
		{FEA302D5-CA52-4FF6-80C4-840C4D2DFC7D}.Release|Any CPU.ActiveCfg = Release|Any CPU
		{FEA302D5-CA52-4FF6-80C4-840C4D2DFC7D}.Release|Any CPU.Build.0 = Release|Any CPU
	EndGlobalSection
	GlobalSection(SolutionProperties) = preSolution
		HideSolutionNode = FALSE
	EndGlobalSection
	GlobalSection(ExtensibilityGlobals) = postSolution
		SolutionGuid = {F66EE48A-6361-4983-A599-CDEF1D967914}
	EndGlobalSection
EndGlobal
